
Microsoft Visual Studio Solution File, Format Version 12.00
# Visual Studio Version 17
VisualStudioVersion = 17.12.35707.178
MinimumVisualStudioVersion = 10.0.40219.1
Project("{FAE04EC0-301F-11D3-BF4B-00C04F79EFBC}") = "Task1_1", "Task1_1\Task1_1.csproj", "{5756268A-9B44-4E37-AAD0-DC66669E6CA7}"
EndProject
Project("{FAE04EC0-301F-11D3-BF4B-00C04F79EFBC}") = "Task2_1_CycleReplace", "Task2_1_CycleReplace\Task2_1_CycleReplace.csproj", "{A0D2DE68-3B3A-4221-ABEF-8336CB1A1B02}"
EndProject
Project("{FAE04EC0-301F-11D3-BF4B-00C04F79EFBC}") = "Task2_2_Radians", "Task2_2_Radians\Task2_2_Radians.csproj", "{2B35723C-4432-4AEE-B579-6FA3CAA84D0D}"
EndProject
Project("{FAE04EC0-301F-11D3-BF4B-00C04F79EFBC}") = "Task2_3_Inches", "Task2_3_Inches\Task2_3_Inches.csproj", "{645C0A47-316C-4C75-B251-F0A6DDF0B562}"
EndProject
Project("{FAE04EC0-301F-11D3-BF4B-00C04F79EFBC}") = "Task2_4_ReplaceTwoFour", "Task2_4_ReplaceTwoFour\Task2_4_ReplaceTwoFour.csproj", "{FBAAE528-7839-442D-B99F-B366D2666864}"
EndProject
Project("{FAE04EC0-301F-11D3-BF4B-00C04F79EFBC}") = "Task2_5_PipeLengthRound", "Task2_5_PipeLengthRound\Task2_5_PipeLengthRound.csproj", "{BD85445A-23E2-481D-92B9-B8AE09560FAD}"
EndProject
Project("{FAE04EC0-301F-11D3-BF4B-00C04F79EFBC}") = "Task2_7_ReplaceTwo", "Task2_7_ReplaceTwo\Task2_7_ReplaceTwo.csproj", "{66F35403-B174-4201-8E2D-4E7427EC6598}"
EndProject
Project("{FAE04EC0-301F-11D3-BF4B-00C04F79EFBC}") = "Task2_6_AccuracyRound", "Task2_6_AccuracyRound\Task2_6_AccuracyRound.csproj", "{7556C78D-36FD-477E-95EF-373A05F20590}"
EndProject
Project("{FAE04EC0-301F-11D3-BF4B-00C04F79EFBC}") = "Task3_1_ComparisonTwo", "Task3_1_ComparisonTwo\Task3_1_ComparisonTwo.csproj", "{54FFC279-5575-4F13-860C-2EF225E78C65}"
EndProject
Project("{FAE04EC0-301F-11D3-BF4B-00C04F79EFBC}") = "Task3_23_Maximum", "Task3_23_Maximum\Task3_23_Maximum.csproj", "{BD56F182-7411-40DB-B3F9-F5EABED3B898}"
EndProject
Project("{FAE04EC0-301F-11D3-BF4B-00C04F79EFBC}") = "Task3_4_Medium", "Task3_4_Medium\Task3_4_Medium.csproj", "{ECE78A9E-FC4C-40D5-B50F-118E20156997}"
EndProject
Project("{FAE04EC0-301F-11D3-BF4B-00C04F79EFBC}") = "Task3_5_9_NumberOperations", "Task3_5_9_NumberOperations\Task3_5_9_NumberOperations.csproj", "{20CF1ACA-CF11-407D-A498-75EFD34F9BCF}"
EndProject
Project("{FAE04EC0-301F-11D3-BF4B-00C04F79EFBC}") = "Task3_10_CountHouses", "Task3_10_CountHouses\Task3_10_CountHouses.csproj", "{1536B6B4-5901-4B0B-AD9D-77D056496E77}"
EndProject
Project("{FAE04EC0-301F-11D3-BF4B-00C04F79EFBC}") = "Task3_11_HousesOnSite", "Task3_11_HousesOnSite\Task3_11_HousesOnSite.csproj", "{86F9B471-C75C-4AB3-ACF3-9DFEFD321C71}"
EndProject
Project("{FAE04EC0-301F-11D3-BF4B-00C04F79EFBC}") = "Task3_12_NumberToWords", "Task3_12_NumberToWords\Task3_12_NumberToWords.csproj", "{73ECF2B3-B572-4C9A-B281-0B5BA2A72FC4}"
EndProject
Project("{FAE04EC0-301F-11D3-BF4B-00C04F79EFBC}") = "Task4_1_Factorial", "Task4_1_Factorial\Task4_1_Factorial.csproj", "{DA7B322C-6836-4648-BB64-B834A83EC9E3}"
EndProject
Project("{FAE04EC0-301F-11D3-BF4B-00C04F79EFBC}") = "Task4_2_Fractional", "Task4_2_Fractional\Task4_2_Fractional.csproj", "{D41CFCB0-EA01-407D-9654-7553C63A7A65}"
EndProject
Project("{FAE04EC0-301F-11D3-BF4B-00C04F79EFBC}") = "Task4_3_PositivePower", "Task4_3_PositivePower\Task4_3_PositivePower.csproj", "{BD37449F-2186-45E6-AA70-BA3E4239E837}"
EndProject
Project("{FAE04EC0-301F-11D3-BF4B-00C04F79EFBC}") = "Task4_4_NegativePower", "Task4_4_NegativePower\Task4_4_NegativePower.csproj", "{0CDC74FF-538F-4089-A336-6287C89F9885}"
EndProject
Project("{FAE04EC0-301F-11D3-BF4B-00C04F79EFBC}") = "Task4_5_Range", "Task4_5_Range\Task4_5_Range.csproj", "{64203180-5EA5-4860-BCE1-ABB640A4D607}"
EndProject
Project("{FAE04EC0-301F-11D3-BF4B-00C04F79EFBC}") = "Task4_6_PowerOfTwo", "Task4_6_PowerOfTwo\Task4_6_PowerOfTwo.csproj", "{332A6ADF-6684-4FBE-90FA-21193233A280}"
EndProject
Project("{FAE04EC0-301F-11D3-BF4B-00C04F79EFBC}") = "Task4_7_CountDigits", "Task4_7_CountDigits\Task4_7_CountDigits.csproj", "{6BEF92D6-826E-468E-876E-F8888B04A57C}"
EndProject
Project("{FAE04EC0-301F-11D3-BF4B-00C04F79EFBC}") = "Task4_8_MirroringNumber", "Task4_8_MirroringNumber\Task4_8_MirroringNumber.csproj", "{9219CBE3-A586-4C9E-B083-096019A8DCCF}"
EndProject
Project("{FAE04EC0-301F-11D3-BF4B-00C04F79EFBC}") = "Task5_1_EvenOdd", "Task5_1_EvenOdd\Task5_1_EvenOdd.csproj", "{6B96D1A6-7A78-44EF-9909-E07FEE5840C6}"
EndProject
Project("{FAE04EC0-301F-11D3-BF4B-00C04F79EFBC}") = "Task5_3_MinMaxIndexes", "Task5_3_MinMaxIndexes\Task5_3_MinMaxIndexes.csproj", "{A3BD40E6-07A3-4598-9502-491F1D00A63F}"
EndProject
Project("{FAE04EC0-301F-11D3-BF4B-00C04F79EFBC}") = "Task5_4_ArrayMirroring", "Task5_4_ArrayMirroring\Task5_4_ArrayMirroring.csproj", "{2B179434-F4B7-4273-9B5D-B0B1594D9265}"
EndProject
Project("{FAE04EC0-301F-11D3-BF4B-00C04F79EFBC}") = "Task5_5_Sorting", "Task5_5_Sorting\Task5_5_Sorting.csproj", "{BEFCA47C-77DB-490A-8DA5-E268C94C4265}"
EndProject
Project("{FAE04EC0-301F-11D3-BF4B-00C04F79EFBC}") = "Task5_6_Chess", "Task5_6_Chess\Task5_6_Chess.csproj", "{DD2B4A31-0F7F-4C16-B5D7-72E934494BD6}"
EndProject
Project("{FAE04EC0-301F-11D3-BF4B-00C04F79EFBC}") = "Task5_7_MaximumInRow", "Task5_7_MaximumInRow\Task5_7_MaximumInRow.csproj", "{D9440383-17DF-4EF6-8CB1-89656C8305EA}"
EndProject
Project("{FAE04EC0-301F-11D3-BF4B-00C04F79EFBC}") = "Task5_2_NegativePositiveCount", "Task5_2_NegativePositiveCount\Task5_2_NegativePositiveCount.csproj", "{B98CDF09-75A6-4F1F-8C11-6AEFE50BB2CC}"
EndProject
Project("{FAE04EC0-301F-11D3-BF4B-00C04F79EFBC}") = "Task5_8_TwoMaximum", "Task5_8_TwoMaximum\Task5_8_TwoMaximum.csproj", "{BD9DC4BE-C013-452E-8CD2-9212A51F70DB}"
EndProject
Project("{FAE04EC0-301F-11D3-BF4B-00C04F79EFBC}") = "Task5_9_Spiral", "Task5_9_Spiral\Task5_9_Spiral.csproj", "{3A3BDE85-1EEF-45D0-ABAF-0E37267675AE}"
EndProject
Project("{FAE04EC0-301F-11D3-BF4B-00C04F79EFBC}") = "Task5_10_TicTacToe", "Task5_10_TicTacToe\Task5_10_TicTacToe.csproj", "{49111B41-BBD4-49A8-84D9-9455E4AA6483}"
EndProject
Project("{FAE04EC0-301F-11D3-BF4B-00C04F79EFBC}") = "Task6_2_Palindrom", "Task6_2_Palindrom\Task6_2_Palindrom.csproj", "{A3256478-B162-4ED7-B4EC-31BB4D161DFE}"
EndProject
Project("{FAE04EC0-301F-11D3-BF4B-00C04F79EFBC}") = "Task6_1_Sentence", "Task6_1_Sentence\Task6_1_Sentence.csproj", "{CE27CCBC-2166-F2ED-DE3E-D33FB9F59A97}"
EndProject
Project("{FAE04EC0-301F-11D3-BF4B-00C04F79EFBC}") = "Task6_3_Report", "Task6_3_Report\Task6_3_Report.csproj", "{44BAC6B3-B865-4181-9551-85C232680069}"
EndProject
Project("{FAE04EC0-301F-11D3-BF4B-00C04F79EFBC}") = "Task6_4_StringBuilder", "Task6_4_StringBuilder\Task6_4_StringBuilder.csproj", "{F126E98B-6FB4-43D5-864E-7E2A1F963050}"
EndProject
Project("{FAE04EC0-301F-11D3-BF4B-00C04F79EFBC}") = "Task6_5_PhoneNumber", "Task6_5_PhoneNumber\Task6_5_PhoneNumber.csproj", "{01867493-4D18-4C59-BFFD-DA5BB681DCBD}"
EndProject
Project("{FAE04EC0-301F-11D3-BF4B-00C04F79EFBC}") = "Task6_6_Password", "Task6_6_Password\Task6_6_Password.csproj", "{0AAEEE79-7A4F-4397-9826-D6211D12BF89}"
EndProject
Global
	GlobalSection(SolutionConfigurationPlatforms) = preSolution
		Debug|Any CPU = Debug|Any CPU
		Release|Any CPU = Release|Any CPU
	EndGlobalSection
	GlobalSection(ProjectConfigurationPlatforms) = postSolution
		{5756268A-9B44-4E37-AAD0-DC66669E6CA7}.Debug|Any CPU.ActiveCfg = Debug|Any CPU
		{5756268A-9B44-4E37-AAD0-DC66669E6CA7}.Debug|Any CPU.Build.0 = Debug|Any CPU
		{5756268A-9B44-4E37-AAD0-DC66669E6CA7}.Release|Any CPU.ActiveCfg = Release|Any CPU
		{5756268A-9B44-4E37-AAD0-DC66669E6CA7}.Release|Any CPU.Build.0 = Release|Any CPU
		{A0D2DE68-3B3A-4221-ABEF-8336CB1A1B02}.Debug|Any CPU.ActiveCfg = Debug|Any CPU
		{A0D2DE68-3B3A-4221-ABEF-8336CB1A1B02}.Debug|Any CPU.Build.0 = Debug|Any CPU
		{A0D2DE68-3B3A-4221-ABEF-8336CB1A1B02}.Release|Any CPU.ActiveCfg = Release|Any CPU
		{A0D2DE68-3B3A-4221-ABEF-8336CB1A1B02}.Release|Any CPU.Build.0 = Release|Any CPU
		{2B35723C-4432-4AEE-B579-6FA3CAA84D0D}.Debug|Any CPU.ActiveCfg = Debug|Any CPU
		{2B35723C-4432-4AEE-B579-6FA3CAA84D0D}.Debug|Any CPU.Build.0 = Debug|Any CPU
		{2B35723C-4432-4AEE-B579-6FA3CAA84D0D}.Release|Any CPU.ActiveCfg = Release|Any CPU
		{2B35723C-4432-4AEE-B579-6FA3CAA84D0D}.Release|Any CPU.Build.0 = Release|Any CPU
		{645C0A47-316C-4C75-B251-F0A6DDF0B562}.Debug|Any CPU.ActiveCfg = Debug|Any CPU
		{645C0A47-316C-4C75-B251-F0A6DDF0B562}.Debug|Any CPU.Build.0 = Debug|Any CPU
		{645C0A47-316C-4C75-B251-F0A6DDF0B562}.Release|Any CPU.ActiveCfg = Release|Any CPU
		{645C0A47-316C-4C75-B251-F0A6DDF0B562}.Release|Any CPU.Build.0 = Release|Any CPU
		{FBAAE528-7839-442D-B99F-B366D2666864}.Debug|Any CPU.ActiveCfg = Debug|Any CPU
		{FBAAE528-7839-442D-B99F-B366D2666864}.Debug|Any CPU.Build.0 = Debug|Any CPU
		{FBAAE528-7839-442D-B99F-B366D2666864}.Release|Any CPU.ActiveCfg = Release|Any CPU
		{FBAAE528-7839-442D-B99F-B366D2666864}.Release|Any CPU.Build.0 = Release|Any CPU
		{BD85445A-23E2-481D-92B9-B8AE09560FAD}.Debug|Any CPU.ActiveCfg = Debug|Any CPU
		{BD85445A-23E2-481D-92B9-B8AE09560FAD}.Debug|Any CPU.Build.0 = Debug|Any CPU
		{BD85445A-23E2-481D-92B9-B8AE09560FAD}.Release|Any CPU.ActiveCfg = Release|Any CPU
		{BD85445A-23E2-481D-92B9-B8AE09560FAD}.Release|Any CPU.Build.0 = Release|Any CPU
		{66F35403-B174-4201-8E2D-4E7427EC6598}.Debug|Any CPU.ActiveCfg = Debug|Any CPU
		{66F35403-B174-4201-8E2D-4E7427EC6598}.Debug|Any CPU.Build.0 = Debug|Any CPU
		{66F35403-B174-4201-8E2D-4E7427EC6598}.Release|Any CPU.ActiveCfg = Release|Any CPU
		{66F35403-B174-4201-8E2D-4E7427EC6598}.Release|Any CPU.Build.0 = Release|Any CPU
		{7556C78D-36FD-477E-95EF-373A05F20590}.Debug|Any CPU.ActiveCfg = Debug|Any CPU
		{7556C78D-36FD-477E-95EF-373A05F20590}.Debug|Any CPU.Build.0 = Debug|Any CPU
		{7556C78D-36FD-477E-95EF-373A05F20590}.Release|Any CPU.ActiveCfg = Release|Any CPU
		{7556C78D-36FD-477E-95EF-373A05F20590}.Release|Any CPU.Build.0 = Release|Any CPU
		{54FFC279-5575-4F13-860C-2EF225E78C65}.Debug|Any CPU.ActiveCfg = Debug|Any CPU
		{54FFC279-5575-4F13-860C-2EF225E78C65}.Debug|Any CPU.Build.0 = Debug|Any CPU
		{54FFC279-5575-4F13-860C-2EF225E78C65}.Release|Any CPU.ActiveCfg = Release|Any CPU
		{54FFC279-5575-4F13-860C-2EF225E78C65}.Release|Any CPU.Build.0 = Release|Any CPU
		{BD56F182-7411-40DB-B3F9-F5EABED3B898}.Debug|Any CPU.ActiveCfg = Debug|Any CPU
		{BD56F182-7411-40DB-B3F9-F5EABED3B898}.Debug|Any CPU.Build.0 = Debug|Any CPU
		{BD56F182-7411-40DB-B3F9-F5EABED3B898}.Release|Any CPU.ActiveCfg = Release|Any CPU
		{BD56F182-7411-40DB-B3F9-F5EABED3B898}.Release|Any CPU.Build.0 = Release|Any CPU
		{ECE78A9E-FC4C-40D5-B50F-118E20156997}.Debug|Any CPU.ActiveCfg = Debug|Any CPU
		{ECE78A9E-FC4C-40D5-B50F-118E20156997}.Debug|Any CPU.Build.0 = Debug|Any CPU
		{ECE78A9E-FC4C-40D5-B50F-118E20156997}.Release|Any CPU.ActiveCfg = Release|Any CPU
		{ECE78A9E-FC4C-40D5-B50F-118E20156997}.Release|Any CPU.Build.0 = Release|Any CPU
		{20CF1ACA-CF11-407D-A498-75EFD34F9BCF}.Debug|Any CPU.ActiveCfg = Debug|Any CPU
		{20CF1ACA-CF11-407D-A498-75EFD34F9BCF}.Debug|Any CPU.Build.0 = Debug|Any CPU
		{20CF1ACA-CF11-407D-A498-75EFD34F9BCF}.Release|Any CPU.ActiveCfg = Release|Any CPU
		{20CF1ACA-CF11-407D-A498-75EFD34F9BCF}.Release|Any CPU.Build.0 = Release|Any CPU
		{1536B6B4-5901-4B0B-AD9D-77D056496E77}.Debug|Any CPU.ActiveCfg = Debug|Any CPU
		{1536B6B4-5901-4B0B-AD9D-77D056496E77}.Debug|Any CPU.Build.0 = Debug|Any CPU
		{1536B6B4-5901-4B0B-AD9D-77D056496E77}.Release|Any CPU.ActiveCfg = Release|Any CPU
		{1536B6B4-5901-4B0B-AD9D-77D056496E77}.Release|Any CPU.Build.0 = Release|Any CPU
		{86F9B471-C75C-4AB3-ACF3-9DFEFD321C71}.Debug|Any CPU.ActiveCfg = Debug|Any CPU
		{86F9B471-C75C-4AB3-ACF3-9DFEFD321C71}.Debug|Any CPU.Build.0 = Debug|Any CPU
		{86F9B471-C75C-4AB3-ACF3-9DFEFD321C71}.Release|Any CPU.ActiveCfg = Release|Any CPU
		{86F9B471-C75C-4AB3-ACF3-9DFEFD321C71}.Release|Any CPU.Build.0 = Release|Any CPU
		{73ECF2B3-B572-4C9A-B281-0B5BA2A72FC4}.Debug|Any CPU.ActiveCfg = Debug|Any CPU
		{73ECF2B3-B572-4C9A-B281-0B5BA2A72FC4}.Debug|Any CPU.Build.0 = Debug|Any CPU
		{73ECF2B3-B572-4C9A-B281-0B5BA2A72FC4}.Release|Any CPU.ActiveCfg = Release|Any CPU
		{73ECF2B3-B572-4C9A-B281-0B5BA2A72FC4}.Release|Any CPU.Build.0 = Release|Any CPU
		{DA7B322C-6836-4648-BB64-B834A83EC9E3}.Debug|Any CPU.ActiveCfg = Debug|Any CPU
		{DA7B322C-6836-4648-BB64-B834A83EC9E3}.Debug|Any CPU.Build.0 = Debug|Any CPU
		{DA7B322C-6836-4648-BB64-B834A83EC9E3}.Release|Any CPU.ActiveCfg = Release|Any CPU
		{DA7B322C-6836-4648-BB64-B834A83EC9E3}.Release|Any CPU.Build.0 = Release|Any CPU
		{D41CFCB0-EA01-407D-9654-7553C63A7A65}.Debug|Any CPU.ActiveCfg = Debug|Any CPU
		{D41CFCB0-EA01-407D-9654-7553C63A7A65}.Debug|Any CPU.Build.0 = Debug|Any CPU
		{D41CFCB0-EA01-407D-9654-7553C63A7A65}.Release|Any CPU.ActiveCfg = Release|Any CPU
		{D41CFCB0-EA01-407D-9654-7553C63A7A65}.Release|Any CPU.Build.0 = Release|Any CPU
		{BD37449F-2186-45E6-AA70-BA3E4239E837}.Debug|Any CPU.ActiveCfg = Debug|Any CPU
		{BD37449F-2186-45E6-AA70-BA3E4239E837}.Debug|Any CPU.Build.0 = Debug|Any CPU
		{BD37449F-2186-45E6-AA70-BA3E4239E837}.Release|Any CPU.ActiveCfg = Release|Any CPU
		{BD37449F-2186-45E6-AA70-BA3E4239E837}.Release|Any CPU.Build.0 = Release|Any CPU
		{0CDC74FF-538F-4089-A336-6287C89F9885}.Debug|Any CPU.ActiveCfg = Debug|Any CPU
		{0CDC74FF-538F-4089-A336-6287C89F9885}.Debug|Any CPU.Build.0 = Debug|Any CPU
		{0CDC74FF-538F-4089-A336-6287C89F9885}.Release|Any CPU.ActiveCfg = Release|Any CPU
		{0CDC74FF-538F-4089-A336-6287C89F9885}.Release|Any CPU.Build.0 = Release|Any CPU
		{64203180-5EA5-4860-BCE1-ABB640A4D607}.Debug|Any CPU.ActiveCfg = Debug|Any CPU
		{64203180-5EA5-4860-BCE1-ABB640A4D607}.Debug|Any CPU.Build.0 = Debug|Any CPU
		{64203180-5EA5-4860-BCE1-ABB640A4D607}.Release|Any CPU.ActiveCfg = Release|Any CPU
		{64203180-5EA5-4860-BCE1-ABB640A4D607}.Release|Any CPU.Build.0 = Release|Any CPU
		{332A6ADF-6684-4FBE-90FA-21193233A280}.Debug|Any CPU.ActiveCfg = Debug|Any CPU
		{332A6ADF-6684-4FBE-90FA-21193233A280}.Debug|Any CPU.Build.0 = Debug|Any CPU
		{332A6ADF-6684-4FBE-90FA-21193233A280}.Release|Any CPU.ActiveCfg = Release|Any CPU
		{332A6ADF-6684-4FBE-90FA-21193233A280}.Release|Any CPU.Build.0 = Release|Any CPU
		{6BEF92D6-826E-468E-876E-F8888B04A57C}.Debug|Any CPU.ActiveCfg = Debug|Any CPU
		{6BEF92D6-826E-468E-876E-F8888B04A57C}.Debug|Any CPU.Build.0 = Debug|Any CPU
		{6BEF92D6-826E-468E-876E-F8888B04A57C}.Release|Any CPU.ActiveCfg = Release|Any CPU
		{6BEF92D6-826E-468E-876E-F8888B04A57C}.Release|Any CPU.Build.0 = Release|Any CPU
		{9219CBE3-A586-4C9E-B083-096019A8DCCF}.Debug|Any CPU.ActiveCfg = Debug|Any CPU
		{9219CBE3-A586-4C9E-B083-096019A8DCCF}.Debug|Any CPU.Build.0 = Debug|Any CPU
		{9219CBE3-A586-4C9E-B083-096019A8DCCF}.Release|Any CPU.ActiveCfg = Release|Any CPU
		{9219CBE3-A586-4C9E-B083-096019A8DCCF}.Release|Any CPU.Build.0 = Release|Any CPU
	EndGlobalSection
	GlobalSection(SolutionProperties) = preSolution
		HideSolutionNode = FALSE
	EndGlobalSection
	GlobalSection(ExtensibilityGlobals) = postSolution
		SolutionGuid = {28DD5BC4-51A6-475A-89FB-B75E5D9D567B}
	EndGlobalSection
EndGlobal
